
Microsoft Visual Studio Solution File, Format Version 12.00
# Visual Studio Version 17
VisualStudioVersion = 17.6.33723.286
MinimumVisualStudioVersion = 10.0.40219.1
Project("{FAE04EC0-301F-11D3-BF4B-00C04F79EFBC}") = "CSharpEgitimKampi301.EntityLayer", "CSharpEgitimKampi301.EntityLayer\CSharpEgitimKampi301.EntityLayer.csproj", "{C96B5404-33F4-4AE0-9DC0-ABBA383FAD16}"
EndProject
Project("{FAE04EC0-301F-11D3-BF4B-00C04F79EFBC}") = "CSharpEgitimKampi301.DataAccessLayer", "CSharpEgitimKampi301.DataAccessLayer\CSharpEgitimKampi301.DataAccessLayer.csproj", "{9978F3E1-88BA-4B55-AA88-1666F2034293}"
EndProject
Project("{FAE04EC0-301F-11D3-BF4B-00C04F79EFBC}") = "CSharpEgitimKampi301.BusinessLayer", "CSharpEgitimKampi301.BusinessLayer\CSharpEgitimKampi301.BusinessLayer.csproj", "{14722554-009C-4B96-8617-C8CDAA28E2AE}"
EndProject
Project("{FAE04EC0-301F-11D3-BF4B-00C04F79EFBC}") = "CSharpEgitimKampi301.PresentationLayer", "CSharpEgitimKampi301.PresentationLayer\CSharpEgitimKampi301.PresentationLayer.csproj", "{67402546-1F4B-4317-8114-1A5C677F9E28}"
EndProject
Project("{FAE04EC0-301F-11D3-BF4B-00C04F79EFBC}") = "CSharpEgitimKampi.EFProject", "CSharpEgitimKampi.EFProject\CSharpEgitimKampi.EFProject.csproj", "{0C30364E-424F-466B-A8D3-32BD1D5CBE4B}"
EndProject
Global
	GlobalSection(SolutionConfigurationPlatforms) = preSolution
		Debug|Any CPU = Debug|Any CPU
		Release|Any CPU = Release|Any CPU
	EndGlobalSection
	GlobalSection(ProjectConfigurationPlatforms) = postSolution
		{C96B5404-33F4-4AE0-9DC0-ABBA383FAD16}.Debug|Any CPU.ActiveCfg = Debug|Any CPU
		{C96B5404-33F4-4AE0-9DC0-ABBA383FAD16}.Debug|Any CPU.Build.0 = Debug|Any CPU
		{C96B5404-33F4-4AE0-9DC0-ABBA383FAD16}.Release|Any CPU.ActiveCfg = Release|Any CPU
		{C96B5404-33F4-4AE0-9DC0-ABBA383FAD16}.Release|Any CPU.Build.0 = Release|Any CPU
		{9978F3E1-88BA-4B55-AA88-1666F2034293}.Debug|Any CPU.ActiveCfg = Debug|Any CPU
		{9978F3E1-88BA-4B55-AA88-1666F2034293}.Debug|Any CPU.Build.0 = Debug|Any CPU
		{9978F3E1-88BA-4B55-AA88-1666F2034293}.Release|Any CPU.ActiveCfg = Release|Any CPU
		{9978F3E1-88BA-4B55-AA88-1666F2034293}.Release|Any CPU.Build.0 = Release|Any CPU
		{14722554-009C-4B96-8617-C8CDAA28E2AE}.Debug|Any CPU.ActiveCfg = Debug|Any CPU
		{14722554-009C-4B96-8617-C8CDAA28E2AE}.Debug|Any CPU.Build.0 = Debug|Any CPU
		{14722554-009C-4B96-8617-C8CDAA28E2AE}.Release|Any CPU.ActiveCfg = Release|Any CPU
		{14722554-009C-4B96-8617-C8CDAA28E2AE}.Release|Any CPU.Build.0 = Release|Any CPU
		{67402546-1F4B-4317-8114-1A5C677F9E28}.Debug|Any CPU.ActiveCfg = Debug|Any CPU
		{67402546-1F4B-4317-8114-1A5C677F9E28}.Debug|Any CPU.Build.0 = Debug|Any CPU
		{67402546-1F4B-4317-8114-1A5C677F9E28}.Release|Any CPU.ActiveCfg = Release|Any CPU
		{67402546-1F4B-4317-8114-1A5C677F9E28}.Release|Any CPU.Build.0 = Release|Any CPU
		{0C30364E-424F-466B-A8D3-32BD1D5CBE4B}.Debug|Any CPU.ActiveCfg = Debug|Any CPU
		{0C30364E-424F-466B-A8D3-32BD1D5CBE4B}.Debug|Any CPU.Build.0 = Debug|Any CPU
		{0C30364E-424F-466B-A8D3-32BD1D5CBE4B}.Release|Any CPU.ActiveCfg = Release|Any CPU
		{0C30364E-424F-466B-A8D3-32BD1D5CBE4B}.Release|Any CPU.Build.0 = Release|Any CPU
	EndGlobalSection
	GlobalSection(SolutionProperties) = preSolution
		HideSolutionNode = FALSE
	EndGlobalSection
	GlobalSection(ExtensibilityGlobals) = postSolution
		SolutionGuid = {3B450713-39FB-48B7-A768-2F69B65DD643}
	EndGlobalSection
EndGlobal
